
Microsoft Visual Studio Solution File, Format Version 12.00
# Visual Studio Version 17
VisualStudioVersion = 17.8.34330.188
MinimumVisualStudioVersion = 10.0.40219.1
Project("{FAE04EC0-301F-11D3-BF4B-00C04F79EFBC}") = "KashishKumari_SP22_BSCS_0091_MVC", "KashishKumari_SP22_BSCS_0091_MVC.csproj", "{D0FAEF9F-BB8A-4705-9232-AF9565D4CF1C}"
EndProject
Global
	GlobalSection(SolutionConfigurationPlatforms) = preSolution
		Debug|Any CPU = Debug|Any CPU
		Release|Any CPU = Release|Any CPU
	EndGlobalSection
	GlobalSection(ProjectConfigurationPlatforms) = postSolution
		{D0FAEF9F-BB8A-4705-9232-AF9565D4CF1C}.Debug|Any CPU.ActiveCfg = Debug|Any CPU
		{D0FAEF9F-BB8A-4705-9232-AF9565D4CF1C}.Debug|Any CPU.Build.0 = Debug|Any CPU
		{D0FAEF9F-BB8A-4705-9232-AF9565D4CF1C}.Release|Any CPU.ActiveCfg = Release|Any CPU
		{D0FAEF9F-BB8A-4705-9232-AF9565D4CF1C}.Release|Any CPU.Build.0 = Release|Any CPU
	EndGlobalSection
	GlobalSection(SolutionProperties) = preSolution
		HideSolutionNode = FALSE
	EndGlobalSection
	GlobalSection(ExtensibilityGlobals) = postSolution
		SolutionGuid = {24DF3494-31FE-4F5F-A047-E962B2233E35}
	EndGlobalSection
EndGlobal
